
Microsoft Visual Studio Solution File, Format Version 12.00
# Visual Studio 14
VisualStudioVersion = 14.0.25420.1
MinimumVisualStudioVersion = 10.0.40219.1
Project("{FAE04EC0-301F-11D3-BF4B-00C04F79EFBC}") = "cheapApp.Droid", "cheapApp\cheapApp.Droid\cheapApp.Droid.csproj", "{E99C19A6-129D-4EC9-AFFD-2D6DCD160146}"
EndProject
Project("{FAE04EC0-301F-11D3-BF4B-00C04F79EFBC}") = "cheapApp.iOS", "cheapApp\cheapApp.iOS\cheapApp.iOS.csproj", "{C2E18550-C1B6-4DAD-9D9C-3DC9F473338C}"
EndProject
Project("{FAE04EC0-301F-11D3-BF4B-00C04F79EFBC}") = "cheapApp.WinPhone", "cheapApp\cheapApp.WinPhone\cheapApp.WinPhone.csproj", "{2983C386-E45C-4B58-A880-A05D4E9D6CA8}"
EndProject
Project("{FAE04EC0-301F-11D3-BF4B-00C04F79EFBC}") = "cheapApp.Windows", "cheapApp\cheapApp.Windows\cheapApp.Windows.csproj", "{B142902B-3FD4-47E5-865C-BC21319A2986}"
EndProject
Project("{FAE04EC0-301F-11D3-BF4B-00C04F79EFBC}") = "cheapApp", "cheapApp\cheapApp\cheapApp.csproj", "{4EDC70E5-3DED-4AF4-9D24-7EA1C75727A3}"
EndProject
Global
	GlobalSection(SolutionConfigurationPlatforms) = preSolution
		Ad-Hoc|Any CPU = Ad-Hoc|Any CPU
		Ad-Hoc|ARM = Ad-Hoc|ARM
		Ad-Hoc|iPhone = Ad-Hoc|iPhone
		Ad-Hoc|iPhoneSimulator = Ad-Hoc|iPhoneSimulator
		Ad-Hoc|x64 = Ad-Hoc|x64
		Ad-Hoc|x86 = Ad-Hoc|x86
		AppStore|Any CPU = AppStore|Any CPU
		AppStore|ARM = AppStore|ARM
		AppStore|iPhone = AppStore|iPhone
		AppStore|iPhoneSimulator = AppStore|iPhoneSimulator
		AppStore|x64 = AppStore|x64
		AppStore|x86 = AppStore|x86
		Debug|Any CPU = Debug|Any CPU
		Debug|ARM = Debug|ARM
		Debug|iPhone = Debug|iPhone
		Debug|iPhoneSimulator = Debug|iPhoneSimulator
		Debug|x64 = Debug|x64
		Debug|x86 = Debug|x86
		Release|Any CPU = Release|Any CPU
		Release|ARM = Release|ARM
		Release|iPhone = Release|iPhone
		Release|iPhoneSimulator = Release|iPhoneSimulator
		Release|x64 = Release|x64
		Release|x86 = Release|x86
	EndGlobalSection
	GlobalSection(ProjectConfigurationPlatforms) = postSolution
		{E99C19A6-129D-4EC9-AFFD-2D6DCD160146}.Ad-Hoc|Any CPU.ActiveCfg = Release|Any CPU
		{E99C19A6-129D-4EC9-AFFD-2D6DCD160146}.Ad-Hoc|Any CPU.Build.0 = Release|Any CPU
		{E99C19A6-129D-4EC9-AFFD-2D6DCD160146}.Ad-Hoc|Any CPU.Deploy.0 = Release|Any CPU
		{E99C19A6-129D-4EC9-AFFD-2D6DCD160146}.Ad-Hoc|ARM.ActiveCfg = Release|Any CPU
		{E99C19A6-129D-4EC9-AFFD-2D6DCD160146}.Ad-Hoc|ARM.Build.0 = Release|Any CPU
		{E99C19A6-129D-4EC9-AFFD-2D6DCD160146}.Ad-Hoc|ARM.Deploy.0 = Release|Any CPU
		{E99C19A6-129D-4EC9-AFFD-2D6DCD160146}.Ad-Hoc|iPhone.ActiveCfg = Release|Any CPU
		{E99C19A6-129D-4EC9-AFFD-2D6DCD160146}.Ad-Hoc|iPhone.Build.0 = Release|Any CPU
		{E99C19A6-129D-4EC9-AFFD-2D6DCD160146}.Ad-Hoc|iPhone.Deploy.0 = Release|Any CPU
		{E99C19A6-129D-4EC9-AFFD-2D6DCD160146}.Ad-Hoc|iPhoneSimulator.ActiveCfg = Release|Any CPU
		{E99C19A6-129D-4EC9-AFFD-2D6DCD160146}.Ad-Hoc|iPhoneSimulator.Build.0 = Release|Any CPU
		{E99C19A6-129D-4EC9-AFFD-2D6DCD160146}.Ad-Hoc|iPhoneSimulator.Deploy.0 = Release|Any CPU
		{E99C19A6-129D-4EC9-AFFD-2D6DCD160146}.Ad-Hoc|x64.ActiveCfg = Release|Any CPU
		{E99C19A6-129D-4EC9-AFFD-2D6DCD160146}.Ad-Hoc|x64.Build.0 = Release|Any CPU
		{E99C19A6-129D-4EC9-AFFD-2D6DCD160146}.Ad-Hoc|x64.Deploy.0 = Release|Any CPU
		{E99C19A6-129D-4EC9-AFFD-2D6DCD160146}.Ad-Hoc|x86.ActiveCfg = Release|Any CPU
		{E99C19A6-129D-4EC9-AFFD-2D6DCD160146}.Ad-Hoc|x86.Build.0 = Release|Any CPU
		{E99C19A6-129D-4EC9-AFFD-2D6DCD160146}.Ad-Hoc|x86.Deploy.0 = Release|Any CPU
		{E99C19A6-129D-4EC9-AFFD-2D6DCD160146}.AppStore|Any CPU.ActiveCfg = Release|Any CPU
		{E99C19A6-129D-4EC9-AFFD-2D6DCD160146}.AppStore|Any CPU.Build.0 = Release|Any CPU
		{E99C19A6-129D-4EC9-AFFD-2D6DCD160146}.AppStore|Any CPU.Deploy.0 = Release|Any CPU
		{E99C19A6-129D-4EC9-AFFD-2D6DCD160146}.AppStore|ARM.ActiveCfg = Release|Any CPU
		{E99C19A6-129D-4EC9-AFFD-2D6DCD160146}.AppStore|ARM.Build.0 = Release|Any CPU
		{E99C19A6-129D-4EC9-AFFD-2D6DCD160146}.AppStore|ARM.Deploy.0 = Release|Any CPU
		{E99C19A6-129D-4EC9-AFFD-2D6DCD160146}.AppStore|iPhone.ActiveCfg = Release|Any CPU
		{E99C19A6-129D-4EC9-AFFD-2D6DCD160146}.AppStore|iPhone.Build.0 = Release|Any CPU
		{E99C19A6-129D-4EC9-AFFD-2D6DCD160146}.AppStore|iPhone.Deploy.0 = Release|Any CPU
		{E99C19A6-129D-4EC9-AFFD-2D6DCD160146}.AppStore|iPhoneSimulator.ActiveCfg = Release|Any CPU
		{E99C19A6-129D-4EC9-AFFD-2D6DCD160146}.AppStore|iPhoneSimulator.Build.0 = Release|Any CPU
		{E99C19A6-129D-4EC9-AFFD-2D6DCD160146}.AppStore|iPhoneSimulator.Deploy.0 = Release|Any CPU
		{E99C19A6-129D-4EC9-AFFD-2D6DCD160146}.AppStore|x64.ActiveCfg = Release|Any CPU
		{E99C19A6-129D-4EC9-AFFD-2D6DCD160146}.AppStore|x64.Build.0 = Release|Any CPU
		{E99C19A6-129D-4EC9-AFFD-2D6DCD160146}.AppStore|x64.Deploy.0 = Release|Any CPU
		{E99C19A6-129D-4EC9-AFFD-2D6DCD160146}.AppStore|x86.ActiveCfg = Release|Any CPU
		{E99C19A6-129D-4EC9-AFFD-2D6DCD160146}.AppStore|x86.Build.0 = Release|Any CPU
		{E99C19A6-129D-4EC9-AFFD-2D6DCD160146}.AppStore|x86.Deploy.0 = Release|Any CPU
		{E99C19A6-129D-4EC9-AFFD-2D6DCD160146}.Debug|Any CPU.ActiveCfg = Debug|Any CPU
		{E99C19A6-129D-4EC9-AFFD-2D6DCD160146}.Debug|Any CPU.Build.0 = Debug|Any CPU
		{E99C19A6-129D-4EC9-AFFD-2D6DCD160146}.Debug|Any CPU.Deploy.0 = Debug|Any CPU
		{E99C19A6-129D-4EC9-AFFD-2D6DCD160146}.Debug|ARM.ActiveCfg = Debug|Any CPU
		{E99C19A6-129D-4EC9-AFFD-2D6DCD160146}.Debug|ARM.Build.0 = Debug|Any CPU
		{E99C19A6-129D-4EC9-AFFD-2D6DCD160146}.Debug|ARM.Deploy.0 = Debug|Any CPU
		{E99C19A6-129D-4EC9-AFFD-2D6DCD160146}.Debug|iPhone.ActiveCfg = Debug|Any CPU
		{E99C19A6-129D-4EC9-AFFD-2D6DCD160146}.Debug|iPhone.Build.0 = Debug|Any CPU
		{E99C19A6-129D-4EC9-AFFD-2D6DCD160146}.Debug|iPhone.Deploy.0 = Debug|Any CPU
		{E99C19A6-129D-4EC9-AFFD-2D6DCD160146}.Debug|iPhoneSimulator.ActiveCfg = Debug|Any CPU
		{E99C19A6-129D-4EC9-AFFD-2D6DCD160146}.Debug|iPhoneSimulator.Build.0 = Debug|Any CPU
		{E99C19A6-129D-4EC9-AFFD-2D6DCD160146}.Debug|iPhoneSimulator.Deploy.0 = Debug|Any CPU
		{E99C19A6-129D-4EC9-AFFD-2D6DCD160146}.Debug|x64.ActiveCfg = Debug|Any CPU
		{E99C19A6-129D-4EC9-AFFD-2D6DCD160146}.Debug|x64.Build.0 = Debug|Any CPU
		{E99C19A6-129D-4EC9-AFFD-2D6DCD160146}.Debug|x64.Deploy.0 = Debug|Any CPU
		{E99C19A6-129D-4EC9-AFFD-2D6DCD160146}.Debug|x86.ActiveCfg = Debug|Any CPU
		{E99C19A6-129D-4EC9-AFFD-2D6DCD160146}.Debug|x86.Build.0 = Debug|Any CPU
		{E99C19A6-129D-4EC9-AFFD-2D6DCD160146}.Debug|x86.Deploy.0 = Debug|Any CPU
		{E99C19A6-129D-4EC9-AFFD-2D6DCD160146}.Release|Any CPU.ActiveCfg = Release|Any CPU
		{E99C19A6-129D-4EC9-AFFD-2D6DCD160146}.Release|Any CPU.Build.0 = Release|Any CPU
		{E99C19A6-129D-4EC9-AFFD-2D6DCD160146}.Release|Any CPU.Deploy.0 = Release|Any CPU
		{E99C19A6-129D-4EC9-AFFD-2D6DCD160146}.Release|ARM.ActiveCfg = Release|Any CPU
		{E99C19A6-129D-4EC9-AFFD-2D6DCD160146}.Release|ARM.Build.0 = Release|Any CPU
		{E99C19A6-129D-4EC9-AFFD-2D6DCD160146}.Release|ARM.Deploy.0 = Release|Any CPU
		{E99C19A6-129D-4EC9-AFFD-2D6DCD160146}.Release|iPhone.ActiveCfg = Release|Any CPU
		{E99C19A6-129D-4EC9-AFFD-2D6DCD160146}.Release|iPhone.Build.0 = Release|Any CPU
		{E99C19A6-129D-4EC9-AFFD-2D6DCD160146}.Release|iPhone.Deploy.0 = Release|Any CPU
		{E99C19A6-129D-4EC9-AFFD-2D6DCD160146}.Release|iPhoneSimulator.ActiveCfg = Release|Any CPU
		{E99C19A6-129D-4EC9-AFFD-2D6DCD160146}.Release|iPhoneSimulator.Build.0 = Release|Any CPU
		{E99C19A6-129D-4EC9-AFFD-2D6DCD160146}.Release|iPhoneSimulator.Deploy.0 = Release|Any CPU
		{E99C19A6-129D-4EC9-AFFD-2D6DCD160146}.Release|x64.ActiveCfg = Release|Any CPU
		{E99C19A6-129D-4EC9-AFFD-2D6DCD160146}.Release|x64.Build.0 = Release|Any CPU
		{E99C19A6-129D-4EC9-AFFD-2D6DCD160146}.Release|x64.Deploy.0 = Release|Any CPU
		{E99C19A6-129D-4EC9-AFFD-2D6DCD160146}.Release|x86.ActiveCfg = Release|Any CPU
		{E99C19A6-129D-4EC9-AFFD-2D6DCD160146}.Release|x86.Build.0 = Release|Any CPU
		{E99C19A6-129D-4EC9-AFFD-2D6DCD160146}.Release|x86.Deploy.0 = Release|Any CPU
		{C2E18550-C1B6-4DAD-9D9C-3DC9F473338C}.Ad-Hoc|Any CPU.ActiveCfg = Ad-Hoc|iPhone
		{C2E18550-C1B6-4DAD-9D9C-3DC9F473338C}.Ad-Hoc|ARM.ActiveCfg = Ad-Hoc|iPhone
		{C2E18550-C1B6-4DAD-9D9C-3DC9F473338C}.Ad-Hoc|iPhone.ActiveCfg = Ad-Hoc|iPhone
		{C2E18550-C1B6-4DAD-9D9C-3DC9F473338C}.Ad-Hoc|iPhone.Build.0 = Ad-Hoc|iPhone
		{C2E18550-C1B6-4DAD-9D9C-3DC9F473338C}.Ad-Hoc|iPhoneSimulator.ActiveCfg = Ad-Hoc|iPhoneSimulator
		{C2E18550-C1B6-4DAD-9D9C-3DC9F473338C}.Ad-Hoc|iPhoneSimulator.Build.0 = Ad-Hoc|iPhoneSimulator
		{C2E18550-C1B6-4DAD-9D9C-3DC9F473338C}.Ad-Hoc|x64.ActiveCfg = Ad-Hoc|iPhone
		{C2E18550-C1B6-4DAD-9D9C-3DC9F473338C}.Ad-Hoc|x86.ActiveCfg = Ad-Hoc|iPhone
		{C2E18550-C1B6-4DAD-9D9C-3DC9F473338C}.AppStore|Any CPU.ActiveCfg = AppStore|iPhone
		{C2E18550-C1B6-4DAD-9D9C-3DC9F473338C}.AppStore|ARM.ActiveCfg = AppStore|iPhone
		{C2E18550-C1B6-4DAD-9D9C-3DC9F473338C}.AppStore|iPhone.ActiveCfg = AppStore|iPhone
		{C2E18550-C1B6-4DAD-9D9C-3DC9F473338C}.AppStore|iPhone.Build.0 = AppStore|iPhone
		{C2E18550-C1B6-4DAD-9D9C-3DC9F473338C}.AppStore|iPhoneSimulator.ActiveCfg = AppStore|iPhoneSimulator
		{C2E18550-C1B6-4DAD-9D9C-3DC9F473338C}.AppStore|iPhoneSimulator.Build.0 = AppStore|iPhoneSimulator
		{C2E18550-C1B6-4DAD-9D9C-3DC9F473338C}.AppStore|x64.ActiveCfg = AppStore|iPhone
		{C2E18550-C1B6-4DAD-9D9C-3DC9F473338C}.AppStore|x86.ActiveCfg = AppStore|iPhone
		{C2E18550-C1B6-4DAD-9D9C-3DC9F473338C}.Debug|Any CPU.ActiveCfg = Debug|iPhone
		{C2E18550-C1B6-4DAD-9D9C-3DC9F473338C}.Debug|ARM.ActiveCfg = Debug|iPhone
		{C2E18550-C1B6-4DAD-9D9C-3DC9F473338C}.Debug|iPhone.ActiveCfg = Debug|iPhone
		{C2E18550-C1B6-4DAD-9D9C-3DC9F473338C}.Debug|iPhone.Build.0 = Debug|iPhone
		{C2E18550-C1B6-4DAD-9D9C-3DC9F473338C}.Debug|iPhoneSimulator.ActiveCfg = Debug|iPhoneSimulator
		{C2E18550-C1B6-4DAD-9D9C-3DC9F473338C}.Debug|iPhoneSimulator.Build.0 = Debug|iPhoneSimulator
		{C2E18550-C1B6-4DAD-9D9C-3DC9F473338C}.Debug|x64.ActiveCfg = Debug|iPhone
		{C2E18550-C1B6-4DAD-9D9C-3DC9F473338C}.Debug|x86.ActiveCfg = Debug|iPhone
		{C2E18550-C1B6-4DAD-9D9C-3DC9F473338C}.Release|Any CPU.ActiveCfg = Release|iPhone
		{C2E18550-C1B6-4DAD-9D9C-3DC9F473338C}.Release|ARM.ActiveCfg = Release|iPhone
		{C2E18550-C1B6-4DAD-9D9C-3DC9F473338C}.Release|iPhone.ActiveCfg = Release|iPhone
		{C2E18550-C1B6-4DAD-9D9C-3DC9F473338C}.Release|iPhone.Build.0 = Release|iPhone
		{C2E18550-C1B6-4DAD-9D9C-3DC9F473338C}.Release|iPhoneSimulator.ActiveCfg = Release|iPhoneSimulator
		{C2E18550-C1B6-4DAD-9D9C-3DC9F473338C}.Release|iPhoneSimulator.Build.0 = Release|iPhoneSimulator
		{C2E18550-C1B6-4DAD-9D9C-3DC9F473338C}.Release|x64.ActiveCfg = Release|iPhone
		{C2E18550-C1B6-4DAD-9D9C-3DC9F473338C}.Release|x86.ActiveCfg = Release|iPhone
		{2983C386-E45C-4B58-A880-A05D4E9D6CA8}.Ad-Hoc|Any CPU.ActiveCfg = Release|Any CPU
		{2983C386-E45C-4B58-A880-A05D4E9D6CA8}.Ad-Hoc|Any CPU.Build.0 = Release|Any CPU
		{2983C386-E45C-4B58-A880-A05D4E9D6CA8}.Ad-Hoc|Any CPU.Deploy.0 = Release|Any CPU
		{2983C386-E45C-4B58-A880-A05D4E9D6CA8}.Ad-Hoc|ARM.ActiveCfg = Release|ARM
		{2983C386-E45C-4B58-A880-A05D4E9D6CA8}.Ad-Hoc|ARM.Build.0 = Release|ARM
		{2983C386-E45C-4B58-A880-A05D4E9D6CA8}.Ad-Hoc|ARM.Deploy.0 = Release|ARM
		{2983C386-E45C-4B58-A880-A05D4E9D6CA8}.Ad-Hoc|iPhone.ActiveCfg = Release|Any CPU
		{2983C386-E45C-4B58-A880-A05D4E9D6CA8}.Ad-Hoc|iPhone.Build.0 = Release|Any CPU
		{2983C386-E45C-4B58-A880-A05D4E9D6CA8}.Ad-Hoc|iPhone.Deploy.0 = Release|Any CPU
		{2983C386-E45C-4B58-A880-A05D4E9D6CA8}.Ad-Hoc|iPhoneSimulator.ActiveCfg = Release|Any CPU
		{2983C386-E45C-4B58-A880-A05D4E9D6CA8}.Ad-Hoc|iPhoneSimulator.Build.0 = Release|Any CPU
		{2983C386-E45C-4B58-A880-A05D4E9D6CA8}.Ad-Hoc|iPhoneSimulator.Deploy.0 = Release|Any CPU
		{2983C386-E45C-4B58-A880-A05D4E9D6CA8}.Ad-Hoc|x64.ActiveCfg = Release|Any CPU
		{2983C386-E45C-4B58-A880-A05D4E9D6CA8}.Ad-Hoc|x64.Build.0 = Release|Any CPU
		{2983C386-E45C-4B58-A880-A05D4E9D6CA8}.Ad-Hoc|x64.Deploy.0 = Release|Any CPU
		{2983C386-E45C-4B58-A880-A05D4E9D6CA8}.Ad-Hoc|x86.ActiveCfg = Release|x86
		{2983C386-E45C-4B58-A880-A05D4E9D6CA8}.Ad-Hoc|x86.Build.0 = Release|x86
		{2983C386-E45C-4B58-A880-A05D4E9D6CA8}.Ad-Hoc|x86.Deploy.0 = Release|x86
		{2983C386-E45C-4B58-A880-A05D4E9D6CA8}.AppStore|Any CPU.ActiveCfg = Release|Any CPU
		{2983C386-E45C-4B58-A880-A05D4E9D6CA8}.AppStore|Any CPU.Build.0 = Release|Any CPU
		{2983C386-E45C-4B58-A880-A05D4E9D6CA8}.AppStore|Any CPU.Deploy.0 = Release|Any CPU
		{2983C386-E45C-4B58-A880-A05D4E9D6CA8}.AppStore|ARM.ActiveCfg = Release|ARM
		{2983C386-E45C-4B58-A880-A05D4E9D6CA8}.AppStore|ARM.Build.0 = Release|ARM
		{2983C386-E45C-4B58-A880-A05D4E9D6CA8}.AppStore|ARM.Deploy.0 = Release|ARM
		{2983C386-E45C-4B58-A880-A05D4E9D6CA8}.AppStore|iPhone.ActiveCfg = Release|Any CPU
		{2983C386-E45C-4B58-A880-A05D4E9D6CA8}.AppStore|iPhone.Build.0 = Release|Any CPU
		{2983C386-E45C-4B58-A880-A05D4E9D6CA8}.AppStore|iPhone.Deploy.0 = Release|Any CPU
		{2983C386-E45C-4B58-A880-A05D4E9D6CA8}.AppStore|iPhoneSimulator.ActiveCfg = Release|Any CPU
		{2983C386-E45C-4B58-A880-A05D4E9D6CA8}.AppStore|iPhoneSimulator.Build.0 = Release|Any CPU
		{2983C386-E45C-4B58-A880-A05D4E9D6CA8}.AppStore|iPhoneSimulator.Deploy.0 = Release|Any CPU
		{2983C386-E45C-4B58-A880-A05D4E9D6CA8}.AppStore|x64.ActiveCfg = Release|Any CPU
		{2983C386-E45C-4B58-A880-A05D4E9D6CA8}.AppStore|x64.Build.0 = Release|Any CPU
		{2983C386-E45C-4B58-A880-A05D4E9D6CA8}.AppStore|x64.Deploy.0 = Release|Any CPU
		{2983C386-E45C-4B58-A880-A05D4E9D6CA8}.AppStore|x86.ActiveCfg = Release|x86
		{2983C386-E45C-4B58-A880-A05D4E9D6CA8}.AppStore|x86.Build.0 = Release|x86
		{2983C386-E45C-4B58-A880-A05D4E9D6CA8}.AppStore|x86.Deploy.0 = Release|x86
		{2983C386-E45C-4B58-A880-A05D4E9D6CA8}.Debug|Any CPU.ActiveCfg = Debug|Any CPU
		{2983C386-E45C-4B58-A880-A05D4E9D6CA8}.Debug|Any CPU.Build.0 = Debug|Any CPU
		{2983C386-E45C-4B58-A880-A05D4E9D6CA8}.Debug|Any CPU.Deploy.0 = Debug|Any CPU
		{2983C386-E45C-4B58-A880-A05D4E9D6CA8}.Debug|ARM.ActiveCfg = Debug|ARM
		{2983C386-E45C-4B58-A880-A05D4E9D6CA8}.Debug|ARM.Build.0 = Debug|ARM
		{2983C386-E45C-4B58-A880-A05D4E9D6CA8}.Debug|ARM.Deploy.0 = Debug|ARM
		{2983C386-E45C-4B58-A880-A05D4E9D6CA8}.Debug|iPhone.ActiveCfg = Debug|Any CPU
		{2983C386-E45C-4B58-A880-A05D4E9D6CA8}.Debug|iPhone.Build.0 = Debug|Any CPU
		{2983C386-E45C-4B58-A880-A05D4E9D6CA8}.Debug|iPhone.Deploy.0 = Debug|Any CPU
		{2983C386-E45C-4B58-A880-A05D4E9D6CA8}.Debug|iPhoneSimulator.ActiveCfg = Debug|Any CPU
		{2983C386-E45C-4B58-A880-A05D4E9D6CA8}.Debug|iPhoneSimulator.Build.0 = Debug|Any CPU
		{2983C386-E45C-4B58-A880-A05D4E9D6CA8}.Debug|iPhoneSimulator.Deploy.0 = Debug|Any CPU
		{2983C386-E45C-4B58-A880-A05D4E9D6CA8}.Debug|x64.ActiveCfg = Debug|Any CPU
		{2983C386-E45C-4B58-A880-A05D4E9D6CA8}.Debug|x64.Build.0 = Debug|Any CPU
		{2983C386-E45C-4B58-A880-A05D4E9D6CA8}.Debug|x64.Deploy.0 = Debug|Any CPU
		{2983C386-E45C-4B58-A880-A05D4E9D6CA8}.Debug|x86.ActiveCfg = Debug|x86
		{2983C386-E45C-4B58-A880-A05D4E9D6CA8}.Debug|x86.Build.0 = Debug|x86
		{2983C386-E45C-4B58-A880-A05D4E9D6CA8}.Debug|x86.Deploy.0 = Debug|x86
		{2983C386-E45C-4B58-A880-A05D4E9D6CA8}.Release|Any CPU.ActiveCfg = Release|Any CPU
		{2983C386-E45C-4B58-A880-A05D4E9D6CA8}.Release|Any CPU.Build.0 = Release|Any CPU
		{2983C386-E45C-4B58-A880-A05D4E9D6CA8}.Release|Any CPU.Deploy.0 = Release|Any CPU
		{2983C386-E45C-4B58-A880-A05D4E9D6CA8}.Release|ARM.ActiveCfg = Release|ARM
		{2983C386-E45C-4B58-A880-A05D4E9D6CA8}.Release|ARM.Build.0 = Release|ARM
		{2983C386-E45C-4B58-A880-A05D4E9D6CA8}.Release|ARM.Deploy.0 = Release|ARM
		{2983C386-E45C-4B58-A880-A05D4E9D6CA8}.Release|iPhone.ActiveCfg = Release|Any CPU
		{2983C386-E45C-4B58-A880-A05D4E9D6CA8}.Release|iPhone.Build.0 = Release|Any CPU
		{2983C386-E45C-4B58-A880-A05D4E9D6CA8}.Release|iPhone.Deploy.0 = Release|Any CPU
		{2983C386-E45C-4B58-A880-A05D4E9D6CA8}.Release|iPhoneSimulator.ActiveCfg = Release|Any CPU
		{2983C386-E45C-4B58-A880-A05D4E9D6CA8}.Release|iPhoneSimulator.Build.0 = Release|Any CPU
		{2983C386-E45C-4B58-A880-A05D4E9D6CA8}.Release|iPhoneSimulator.Deploy.0 = Release|Any CPU
		{2983C386-E45C-4B58-A880-A05D4E9D6CA8}.Release|x64.ActiveCfg = Release|Any CPU
		{2983C386-E45C-4B58-A880-A05D4E9D6CA8}.Release|x64.Build.0 = Release|Any CPU
		{2983C386-E45C-4B58-A880-A05D4E9D6CA8}.Release|x64.Deploy.0 = Release|Any CPU
		{2983C386-E45C-4B58-A880-A05D4E9D6CA8}.Release|x86.ActiveCfg = Release|x86
		{2983C386-E45C-4B58-A880-A05D4E9D6CA8}.Release|x86.Build.0 = Release|x86
		{2983C386-E45C-4B58-A880-A05D4E9D6CA8}.Release|x86.Deploy.0 = Release|x86
		{B142902B-3FD4-47E5-865C-BC21319A2986}.Ad-Hoc|Any CPU.ActiveCfg = Release|Any CPU
		{B142902B-3FD4-47E5-865C-BC21319A2986}.Ad-Hoc|Any CPU.Build.0 = Release|Any CPU
		{B142902B-3FD4-47E5-865C-BC21319A2986}.Ad-Hoc|Any CPU.Deploy.0 = Release|Any CPU
		{B142902B-3FD4-47E5-865C-BC21319A2986}.Ad-Hoc|ARM.ActiveCfg = Release|ARM
		{B142902B-3FD4-47E5-865C-BC21319A2986}.Ad-Hoc|ARM.Build.0 = Release|ARM
		{B142902B-3FD4-47E5-865C-BC21319A2986}.Ad-Hoc|ARM.Deploy.0 = Release|ARM
		{B142902B-3FD4-47E5-865C-BC21319A2986}.Ad-Hoc|iPhone.ActiveCfg = Release|Any CPU
		{B142902B-3FD4-47E5-865C-BC21319A2986}.Ad-Hoc|iPhone.Build.0 = Release|Any CPU
		{B142902B-3FD4-47E5-865C-BC21319A2986}.Ad-Hoc|iPhone.Deploy.0 = Release|Any CPU
		{B142902B-3FD4-47E5-865C-BC21319A2986}.Ad-Hoc|iPhoneSimulator.ActiveCfg = Release|Any CPU
		{B142902B-3FD4-47E5-865C-BC21319A2986}.Ad-Hoc|iPhoneSimulator.Build.0 = Release|Any CPU
		{B142902B-3FD4-47E5-865C-BC21319A2986}.Ad-Hoc|iPhoneSimulator.Deploy.0 = Release|Any CPU
		{B142902B-3FD4-47E5-865C-BC21319A2986}.Ad-Hoc|x64.ActiveCfg = Release|x64
		{B142902B-3FD4-47E5-865C-BC21319A2986}.Ad-Hoc|x64.Build.0 = Release|x64
		{B142902B-3FD4-47E5-865C-BC21319A2986}.Ad-Hoc|x64.Deploy.0 = Release|x64
		{B142902B-3FD4-47E5-865C-BC21319A2986}.Ad-Hoc|x86.ActiveCfg = Release|x86
		{B142902B-3FD4-47E5-865C-BC21319A2986}.Ad-Hoc|x86.Build.0 = Release|x86
		{B142902B-3FD4-47E5-865C-BC21319A2986}.Ad-Hoc|x86.Deploy.0 = Release|x86
		{B142902B-3FD4-47E5-865C-BC21319A2986}.AppStore|Any CPU.ActiveCfg = Release|Any CPU
		{B142902B-3FD4-47E5-865C-BC21319A2986}.AppStore|Any CPU.Build.0 = Release|Any CPU
		{B142902B-3FD4-47E5-865C-BC21319A2986}.AppStore|Any CPU.Deploy.0 = Release|Any CPU
		{B142902B-3FD4-47E5-865C-BC21319A2986}.AppStore|ARM.ActiveCfg = Release|ARM
		{B142902B-3FD4-47E5-865C-BC21319A2986}.AppStore|ARM.Build.0 = Release|ARM
		{B142902B-3FD4-47E5-865C-BC21319A2986}.AppStore|ARM.Deploy.0 = Release|ARM
		{B142902B-3FD4-47E5-865C-BC21319A2986}.AppStore|iPhone.ActiveCfg = Release|Any CPU
		{B142902B-3FD4-47E5-865C-BC21319A2986}.AppStore|iPhone.Build.0 = Release|Any CPU
		{B142902B-3FD4-47E5-865C-BC21319A2986}.AppStore|iPhone.Deploy.0 = Release|Any CPU
		{B142902B-3FD4-47E5-865C-BC21319A2986}.AppStore|iPhoneSimulator.ActiveCfg = Release|Any CPU
		{B142902B-3FD4-47E5-865C-BC21319A2986}.AppStore|iPhoneSimulator.Build.0 = Release|Any CPU
		{B142902B-3FD4-47E5-865C-BC21319A2986}.AppStore|iPhoneSimulator.Deploy.0 = Release|Any CPU
		{B142902B-3FD4-47E5-865C-BC21319A2986}.AppStore|x64.ActiveCfg = Release|x64
		{B142902B-3FD4-47E5-865C-BC21319A2986}.AppStore|x64.Build.0 = Release|x64
		{B142902B-3FD4-47E5-865C-BC21319A2986}.AppStore|x64.Deploy.0 = Release|x64
		{B142902B-3FD4-47E5-865C-BC21319A2986}.AppStore|x86.ActiveCfg = Release|x86
		{B142902B-3FD4-47E5-865C-BC21319A2986}.AppStore|x86.Build.0 = Release|x86
		{B142902B-3FD4-47E5-865C-BC21319A2986}.AppStore|x86.Deploy.0 = Release|x86
		{B142902B-3FD4-47E5-865C-BC21319A2986}.Debug|Any CPU.ActiveCfg = Debug|Any CPU
		{B142902B-3FD4-47E5-865C-BC21319A2986}.Debug|Any CPU.Build.0 = Debug|Any CPU
		{B142902B-3FD4-47E5-865C-BC21319A2986}.Debug|Any CPU.Deploy.0 = Debug|Any CPU
		{B142902B-3FD4-47E5-865C-BC21319A2986}.Debug|ARM.ActiveCfg = Debug|ARM
		{B142902B-3FD4-47E5-865C-BC21319A2986}.Debug|ARM.Build.0 = Debug|ARM
		{B142902B-3FD4-47E5-865C-BC21319A2986}.Debug|ARM.Deploy.0 = Debug|ARM
		{B142902B-3FD4-47E5-865C-BC21319A2986}.Debug|iPhone.ActiveCfg = Debug|Any CPU
		{B142902B-3FD4-47E5-865C-BC21319A2986}.Debug|iPhone.Build.0 = Debug|Any CPU
		{B142902B-3FD4-47E5-865C-BC21319A2986}.Debug|iPhone.Deploy.0 = Debug|Any CPU
		{B142902B-3FD4-47E5-865C-BC21319A2986}.Debug|iPhoneSimulator.ActiveCfg = Debug|Any CPU
		{B142902B-3FD4-47E5-865C-BC21319A2986}.Debug|iPhoneSimulator.Build.0 = Debug|Any CPU
		{B142902B-3FD4-47E5-865C-BC21319A2986}.Debug|iPhoneSimulator.Deploy.0 = Debug|Any CPU
		{B142902B-3FD4-47E5-865C-BC21319A2986}.Debug|x64.ActiveCfg = Debug|x64
		{B142902B-3FD4-47E5-865C-BC21319A2986}.Debug|x64.Build.0 = Debug|x64
		{B142902B-3FD4-47E5-865C-BC21319A2986}.Debug|x64.Deploy.0 = Debug|x64
		{B142902B-3FD4-47E5-865C-BC21319A2986}.Debug|x86.ActiveCfg = Debug|x86
		{B142902B-3FD4-47E5-865C-BC21319A2986}.Debug|x86.Build.0 = Debug|x86
		{B142902B-3FD4-47E5-865C-BC21319A2986}.Debug|x86.Deploy.0 = Debug|x86
		{B142902B-3FD4-47E5-865C-BC21319A2986}.Release|Any CPU.ActiveCfg = Release|Any CPU
		{B142902B-3FD4-47E5-865C-BC21319A2986}.Release|Any CPU.Build.0 = Release|Any CPU
		{B142902B-3FD4-47E5-865C-BC21319A2986}.Release|Any CPU.Deploy.0 = Release|Any CPU
		{B142902B-3FD4-47E5-865C-BC21319A2986}.Release|ARM.ActiveCfg = Release|ARM
		{B142902B-3FD4-47E5-865C-BC21319A2986}.Release|ARM.Build.0 = Release|ARM
		{B142902B-3FD4-47E5-865C-BC21319A2986}.Release|ARM.Deploy.0 = Release|ARM
		{B142902B-3FD4-47E5-865C-BC21319A2986}.Release|iPhone.ActiveCfg = Release|Any CPU
		{B142902B-3FD4-47E5-865C-BC21319A2986}.Release|iPhone.Build.0 = Release|Any CPU
		{B142902B-3FD4-47E5-865C-BC21319A2986}.Release|iPhone.Deploy.0 = Release|Any CPU
		{B142902B-3FD4-47E5-865C-BC21319A2986}.Release|iPhoneSimulator.ActiveCfg = Release|Any CPU
		{B142902B-3FD4-47E5-865C-BC21319A2986}.Release|iPhoneSimulator.Build.0 = Release|Any CPU
		{B142902B-3FD4-47E5-865C-BC21319A2986}.Release|iPhoneSimulator.Deploy.0 = Release|Any CPU
		{B142902B-3FD4-47E5-865C-BC21319A2986}.Release|x64.ActiveCfg = Release|x64
		{B142902B-3FD4-47E5-865C-BC21319A2986}.Release|x64.Build.0 = Release|x64
		{B142902B-3FD4-47E5-865C-BC21319A2986}.Release|x64.Deploy.0 = Release|x64
		{B142902B-3FD4-47E5-865C-BC21319A2986}.Release|x86.ActiveCfg = Release|x86
		{B142902B-3FD4-47E5-865C-BC21319A2986}.Release|x86.Build.0 = Release|x86
		{B142902B-3FD4-47E5-865C-BC21319A2986}.Release|x86.Deploy.0 = Release|x86
		{4EDC70E5-3DED-4AF4-9D24-7EA1C75727A3}.Ad-Hoc|Any CPU.ActiveCfg = Release|Any CPU
		{4EDC70E5-3DED-4AF4-9D24-7EA1C75727A3}.Ad-Hoc|Any CPU.Build.0 = Release|Any CPU
		{4EDC70E5-3DED-4AF4-9D24-7EA1C75727A3}.Ad-Hoc|ARM.ActiveCfg = Release|Any CPU
		{4EDC70E5-3DED-4AF4-9D24-7EA1C75727A3}.Ad-Hoc|ARM.Build.0 = Release|Any CPU
		{4EDC70E5-3DED-4AF4-9D24-7EA1C75727A3}.Ad-Hoc|iPhone.ActiveCfg = Release|Any CPU
		{4EDC70E5-3DED-4AF4-9D24-7EA1C75727A3}.Ad-Hoc|iPhone.Build.0 = Release|Any CPU
		{4EDC70E5-3DED-4AF4-9D24-7EA1C75727A3}.Ad-Hoc|iPhoneSimulator.ActiveCfg = Release|Any CPU
		{4EDC70E5-3DED-4AF4-9D24-7EA1C75727A3}.Ad-Hoc|iPhoneSimulator.Build.0 = Release|Any CPU
		{4EDC70E5-3DED-4AF4-9D24-7EA1C75727A3}.Ad-Hoc|x64.ActiveCfg = Release|Any CPU
		{4EDC70E5-3DED-4AF4-9D24-7EA1C75727A3}.Ad-Hoc|x64.Build.0 = Release|Any CPU
		{4EDC70E5-3DED-4AF4-9D24-7EA1C75727A3}.Ad-Hoc|x86.ActiveCfg = Release|Any CPU
		{4EDC70E5-3DED-4AF4-9D24-7EA1C75727A3}.Ad-Hoc|x86.Build.0 = Release|Any CPU
		{4EDC70E5-3DED-4AF4-9D24-7EA1C75727A3}.AppStore|Any CPU.ActiveCfg = Release|Any CPU
		{4EDC70E5-3DED-4AF4-9D24-7EA1C75727A3}.AppStore|Any CPU.Build.0 = Release|Any CPU
		{4EDC70E5-3DED-4AF4-9D24-7EA1C75727A3}.AppStore|ARM.ActiveCfg = Release|Any CPU
		{4EDC70E5-3DED-4AF4-9D24-7EA1C75727A3}.AppStore|ARM.Build.0 = Release|Any CPU
		{4EDC70E5-3DED-4AF4-9D24-7EA1C75727A3}.AppStore|iPhone.ActiveCfg = Release|Any CPU
		{4EDC70E5-3DED-4AF4-9D24-7EA1C75727A3}.AppStore|iPhone.Build.0 = Release|Any CPU
		{4EDC70E5-3DED-4AF4-9D24-7EA1C75727A3}.AppStore|iPhoneSimulator.ActiveCfg = Release|Any CPU
		{4EDC70E5-3DED-4AF4-9D24-7EA1C75727A3}.AppStore|iPhoneSimulator.Build.0 = Release|Any CPU
		{4EDC70E5-3DED-4AF4-9D24-7EA1C75727A3}.AppStore|x64.ActiveCfg = Release|Any CPU
		{4EDC70E5-3DED-4AF4-9D24-7EA1C75727A3}.AppStore|x64.Build.0 = Release|Any CPU
		{4EDC70E5-3DED-4AF4-9D24-7EA1C75727A3}.AppStore|x86.ActiveCfg = Release|Any CPU
		{4EDC70E5-3DED-4AF4-9D24-7EA1C75727A3}.AppStore|x86.Build.0 = Release|Any CPU
		{4EDC70E5-3DED-4AF4-9D24-7EA1C75727A3}.Debug|Any CPU.ActiveCfg = Debug|Any CPU
		{4EDC70E5-3DED-4AF4-9D24-7EA1C75727A3}.Debug|Any CPU.Build.0 = Debug|Any CPU
		{4EDC70E5-3DED-4AF4-9D24-7EA1C75727A3}.Debug|ARM.ActiveCfg = Debug|Any CPU
		{4EDC70E5-3DED-4AF4-9D24-7EA1C75727A3}.Debug|ARM.Build.0 = Debug|Any CPU
		{4EDC70E5-3DED-4AF4-9D24-7EA1C75727A3}.Debug|iPhone.ActiveCfg = Debug|Any CPU
		{4EDC70E5-3DED-4AF4-9D24-7EA1C75727A3}.Debug|iPhone.Build.0 = Debug|Any CPU
		{4EDC70E5-3DED-4AF4-9D24-7EA1C75727A3}.Debug|iPhoneSimulator.ActiveCfg = Debug|Any CPU
		{4EDC70E5-3DED-4AF4-9D24-7EA1C75727A3}.Debug|iPhoneSimulator.Build.0 = Debug|Any CPU
		{4EDC70E5-3DED-4AF4-9D24-7EA1C75727A3}.Debug|x64.ActiveCfg = Debug|Any CPU
		{4EDC70E5-3DED-4AF4-9D24-7EA1C75727A3}.Debug|x64.Build.0 = Debug|Any CPU
		{4EDC70E5-3DED-4AF4-9D24-7EA1C75727A3}.Debug|x86.ActiveCfg = Debug|Any CPU
		{4EDC70E5-3DED-4AF4-9D24-7EA1C75727A3}.Debug|x86.Build.0 = Debug|Any CPU
		{4EDC70E5-3DED-4AF4-9D24-7EA1C75727A3}.Release|Any CPU.ActiveCfg = Release|Any CPU
		{4EDC70E5-3DED-4AF4-9D24-7EA1C75727A3}.Release|Any CPU.Build.0 = Release|Any CPU
		{4EDC70E5-3DED-4AF4-9D24-7EA1C75727A3}.Release|ARM.ActiveCfg = Release|Any CPU
		{4EDC70E5-3DED-4AF4-9D24-7EA1C75727A3}.Release|ARM.Build.0 = Release|Any CPU
		{4EDC70E5-3DED-4AF4-9D24-7EA1C75727A3}.Release|iPhone.ActiveCfg = Release|Any CPU
		{4EDC70E5-3DED-4AF4-9D24-7EA1C75727A3}.Release|iPhone.Build.0 = Release|Any CPU
		{4EDC70E5-3DED-4AF4-9D24-7EA1C75727A3}.Release|iPhoneSimulator.ActiveCfg = Release|Any CPU
		{4EDC70E5-3DED-4AF4-9D24-7EA1C75727A3}.Release|iPhoneSimulator.Build.0 = Release|Any CPU
		{4EDC70E5-3DED-4AF4-9D24-7EA1C75727A3}.Release|x64.ActiveCfg = Release|Any CPU
		{4EDC70E5-3DED-4AF4-9D24-7EA1C75727A3}.Release|x64.Build.0 = Release|Any CPU
		{4EDC70E5-3DED-4AF4-9D24-7EA1C75727A3}.Release|x86.ActiveCfg = Release|Any CPU
		{4EDC70E5-3DED-4AF4-9D24-7EA1C75727A3}.Release|x86.Build.0 = Release|Any CPU
	EndGlobalSection
	GlobalSection(SolutionProperties) = preSolution
		HideSolutionNode = FALSE
	EndGlobalSection
EndGlobal
